
Microsoft Visual Studio Solution File, Format Version 12.00
# Visual Studio Version 16
VisualStudioVersion = 25.0.1704.3
MinimumVisualStudioVersion = 10.0.40219.1
Project("{FAE04EC0-301F-11D3-BF4B-00C04F79EFBC}") = "mentAlly", "mentAlly\mentAlly.csproj", "{ACECBF49-FBD2-427D-BAC5-8CC84583FB0A}"
EndProject
Global
	GlobalSection(SolutionConfigurationPlatforms) = preSolution
		Debug|Any CPU = Debug|Any CPU
		Release|Any CPU = Release|Any CPU
	EndGlobalSection
	GlobalSection(ProjectConfigurationPlatforms) = postSolution
		{ACECBF49-FBD2-427D-BAC5-8CC84583FB0A}.Debug|Any CPU.ActiveCfg = Debug|Any CPU
		{ACECBF49-FBD2-427D-BAC5-8CC84583FB0A}.Debug|Any CPU.Build.0 = Debug|Any CPU
		{ACECBF49-FBD2-427D-BAC5-8CC84583FB0A}.Release|Any CPU.ActiveCfg = Release|Any CPU
		{ACECBF49-FBD2-427D-BAC5-8CC84583FB0A}.Release|Any CPU.Build.0 = Release|Any CPU
	EndGlobalSection
	GlobalSection(SolutionProperties) = preSolution
		HideSolutionNode = FALSE
	EndGlobalSection
	GlobalSection(ExtensibilityGlobals) = postSolution
		SolutionGuid = {14C40463-7BD8-40F5-BC1A-E700DFD98E2A}
	EndGlobalSection
EndGlobal
